{
  "version": 4,
  "terraform_version": "1.1.4",
  "serial": 12,
  "lineage": "3ef26b7b-87a9-e925-7b30-41b82c42be8c",
  "outputs": {
    "tls_private_key": {
      "value": "-----BEGIN RSA PRIVATE KEY-----\nMIIJKwIBAAKCAgEAvVo/c4SX3EPKrdsKaDvQdquCOeAFeX9debPZnLgw/m4Wb77f\nap0U9BbfOScAcf/YrYsUr9WTnwyOn6zw+rQPN3ez3fbIOAfqLoDv2r2XYtpk8VsG\njWt1Ofl6/xCmvYZv54DYZ8654Mf/3x/Q5FblwBngPlXcBeSP5EnSi5K2Ny9BifEt\nUJXBSmpAeawfHDtWJjcdnl7ILJvZ4L2t4gVXThF4akrSxSVzr/+1/qvXTUePuoZh\nA1EXwWCCs3gM9fvD7438WyYyZyoE5WdZUd6lGoDBgO/cBXcR/wDb9tJbibSa15Kj\n2JVkAg+84CVDyuWR6DGyIFzqnyOxRpwkzTUMg+b+mbsslddfkEmc+Y1hEU+9RFrF\n7eHRiwjf8xmpgYI+Fkh9b5Rb9WzrxjVkd/DZtKWiMnTQbDhKQSDK15hXQsfQJQ+G\nAV8DEFVB+i1u7G9m6GmjFE2z2kOr6jgOU34tE3wqefm1r2QJBR7HBFtLQlKFVtf+\nz/aCvgfjcc6EzYK/Ay3jb0Lyjs+rd8KMbJBOB5fhmNIWAVcLKsLqeprZJjpoo7qd\n/QVGSdMkGmM1nKToHpu7URngvnQBTY5KpEfp7HMnex9re8J80351C31QX34y5koi\nyGhO7N5UjcOmjad9HRLmV1f30QSkMmnUwHRs6nZcrCpIPZ/fVyCz0AgF9tkCAwEA\nAQKCAgEAj/lZ+5Ta/yEQr+a34A9y73hzGVxr7TjZs1r74Lzwi9Ta/HaOW/s6Xmox\nqrwsC4I0l6gDv7rOdwXOQDz4MjfMxikfO2uUS35BIsDpH1I/FGvoitfigI8vYDiA\nvAZGMh9RYR5H7Y5zKSYJOPdxFt237bv/FIamOFjUzAkRrQyNviIRXDhkczya7uEh\nSyKDuSyo0X/g5nU9ESYjoU24M/5JptOD0pY38q0KbM0q7YxttZXvBC1/AE2dmWyv\nlJR4jmSzU6eLNScy9dwuQtu1P5nhwegaudYnXoRty440slS6Q1du0PDv4hOdKjAb\nNfc/t7ucmIeI4DCmOQCjn4PEO7/VVfrxJt43VPKgs4fKU1XAwAQmGUZxQmM3DR3c\n9HXEEQ24CPsPWDWQWxkgI9IFlqBNVoAFRSAXOvFwM7XDKvsNobXvevaq/5VOOmtG\nT9XfqKhasMCuwwKf3EoIQvs2AaofRXHbyU6KlLLPaBLnD3P4iE0AUdvBNkF9WUpU\nSPp/HBW1Og8EdgC53bip+XgWkECIK9l5XU1yPIyYNtu7qqwTfDnizmkTZgFDrKqw\nkqFV++KJ5cL0/ViVT33/Zj3ujuFf06LThKRabvhhwUsbODWuXFyKyqyzzNn3LaVl\nm4N4+Kd6Iescnwf6Jn1Us+6VNUGP1/Obj/0LJK0HFHNxxBAURb0CggEBANs40IFJ\nZIOpAt8mhgfXN3ARl6jQcdkIjD9V1374v82hj7lO7lcDPEb87t+qAiy0GRvtA8ym\nHoyIrPDdGXEVvbJgfmDt/opfqbfwlPOGB4M8kaw94wMgZIiU5uWt7uajcBsRWx0X\n5UY0vSEVyBivl2G9oD0PnbeMrKEy7AVvyaDdX0A+iElzL+TU66UYa5UV4inPymph\noQCC8vqcPwOKevGSeqZeL8w5FGh1CfE6JCLrceLk3jCMStVPil3TXAK3szIyZqID\n2i6e3OcFdzS3UVL4KK7DVQV89fNuFWWN/oWeFAYNSPEedVrHvshIJN2nxnj0m5dL\nJWNGK6A1cT86OVMCggEBAN0emLzfssyPpXYazh+wloX8rvp+6j5mzEhDMfQGybNK\naVpXmjUrjVgza4wIiMupvdk5nMuEzZPcjezKAjOk5KLDmJ157jUqSfSqMGXSRt3G\nGmjrQO6/DQWIWSoqnEpj4sykfHKNCQwW4KF5165C+ZH/ac+/AKqxmnuq5pcHPnmU\nvtd5R+E2wch/EU5YY4VHVy/pVyRkX0aD1/ssTwWZvrZNqL+Tf8oCVU1vg24hmrBo\ny0uT12U1e7Rb9PvtWaUshrjKbA6Q12hpV3O+c5mlqtfztdjS1UT40LVCfwpj7xH+\nI9sPFH3ZHTynuw87M7ErpM6U+PcB37WcNXNHeuREzaMCggEBAIZRoleE+4Q8GxlV\nRkwpjrso3E7AIPGE7kGkPBx9FzBMLH6zIQ/JWLZ6JXZ/eUOgub3FlE1g/1jGKYiP\nQBZs5sUToHuNdyebg6bDTtCDL7k2dF8fsCdrQo35Bhx2XOmN/JNpJ/WEfaNtjvBl\noyuU8uEdScAAAHfFRsSiKcEPBHB/EuyPI/w1CoRf/V4zvz8ioGdT/Mb/uKFSmsP4\n1hc6UygOwv2KuiicVKfIBmZ6ZEfNEQOfjZAbdYKLcNEaPscffTllbkMYrydfiSQ3\n0hlHtRlsGaky37Y0IZKcwZluziNafxRSMX4jVm5f8sJOieAR+2aDIY4qqebQyMwp\n0pCWAScCggEBANoaauep8s/pRHipWfVSFjbVFbcJZn3koc0JUoV0CJGrbR1qWTXm\n3oVIOuWmKWBR7mwMcscgGDKnkuokG2XbWJXfPnLeKQMR0l7dW92jOrlXxQcGPUcA\n9ZQmeGSqIP0TZ0sZV5MZ3/mnuywrZX2CnG7QswrySHMVud4PpWEFCS+dc1xQSYEw\npJXiGCzh7FAzHSGqFIVV59BDDc+3Vb6ddsqU8UT99UdJY+B8hPQle1JUG2pRyl0P\nExTEu3GfHRRaRgyRxWHcpkxb06HcEmRUT56wygazdx+QGTUhAPQ7vD1QIwfY6Qp1\nFGyWuWD9sTApb2dA9A2YMJQPH3203Ne5secCggEBANE58qkHedMvkX4vKYktD9hp\nJm66G2wWdKjnJVnNry1RIRsOGujYb7uaV4Fu2QCwLxGdBN+LgHHSK0DL2SSE5UiK\nOj8qFZZXCfl1TzllpHTy5/ZinLiIz7Yl5XHD0k/ykF5glxMeRFIHuAWc+58Ihx32\nIeZh2o0Z5zVMvk7zPyNNYluxOF2HISGsgdm7+WOuXwmalyhlLMRcl9K8s7OfBlWN\nEglvHKIGC4PwRVo2hiun6Cdd8suUle7bk9KGvlQKGEts+u3O8eeXsFTT3CYCtxz8\nm9s9EKZ0PMr50QPMnuulvMnXrNSpAs7/FHBbzWZYqoUQD5ywrBoyMB/ZT16Mm5M=\n-----END RSA PRIVATE KEY-----\n",
      "type": "string",
      "sensitive": true
    }
  },
  "resources": [
    {
      "mode": "managed",
      "type": "azurerm_linux_virtual_machine",
      "name": "myterraformvm",
      "provider": "provider[\"registry.terraform.io/hashicorp/azurerm\"]",
      "instances": [
        {
          "schema_version": 0,
          "attributes": {
            "additional_capabilities": [],
            "admin_password": null,
            "admin_ssh_key": [
              {
                "public_key": "ssh-rsa AAAAB3NzaC1yc2EAAAADAQABAAACAQC9Wj9zhJfcQ8qt2wpoO9B2q4I54AV5f115s9mcuDD+bhZvvt9qnRT0Ft85JwBx/9itixSv1ZOfDI6frPD6tA83d7Pd9sg4B+ougO/avZdi2mTxWwaNa3U5+Xr/EKa9hm/ngNhnzrngx//fH9DkVuXAGeA+VdwF5I/kSdKLkrY3L0GJ8S1QlcFKakB5rB8cO1YmNx2eXsgsm9ngva3iBVdOEXhqStLFJXOv/7X+q9dNR4+6hmEDURfBYIKzeAz1+8PvjfxbJjJnKgTlZ1lR3qUagMGA79wFdxH/ANv20luJtJrXkqPYlWQCD7zgJUPK5ZHoMbIgXOqfI7FGnCTNNQyD5v6ZuyyV11+QSZz5jWERT71EWsXt4dGLCN/zGamBgj4WSH1vlFv1bOvGNWR38Nm0paIydNBsOEpBIMrXmFdCx9AlD4YBXwMQVUH6LW7sb2boaaMUTbPaQ6vqOA5Tfi0TfCp5+bWvZAkFHscEW0tCUoVW1/7P9oK+B+NxzoTNgr8DLeNvQvKOz6t3woxskE4Hl+GY0hYBVwsqwup6mtkmOmijup39BUZJ0yQaYzWcpOgem7tRGeC+dAFNjkqkR+nscyd7H2t7wnzTfnULfVBffjLmSiLIaE7s3lSNw6aNp30dEuZXV/fRBKQyadTAdGzqdlysKkg9n99XILPQCAX22Q==\n",
                "username": "azureuser"
              }
            ],
            "admin_username": "azureuser",
            "allow_extension_operations": true,
            "availability_set_id": "",
            "boot_diagnostics": [
              {
                "storage_account_uri": "https://diag49601473462383f9.blob.core.windows.net/"
              }
            ],
            "computer_name": "myvm",
            "custom_data": null,
            "dedicated_host_id": "",
            "disable_password_authentication": true,
            "encryption_at_host_enabled": false,
            "eviction_policy": "",
            "extensions_time_budget": "PT1H30M",
            "id": "/subscriptions/9a37ba30-a6bf-4bf9-b71e-cbccf861839e/resourceGroups/myResourceGroup/providers/Microsoft.Compute/virtualMachines/myVM",
            "identity": [],
            "license_type": "",
            "location": "eastus",
            "max_bid_price": -1,
            "name": "myVM",
            "network_interface_ids": [
              "/subscriptions/9a37ba30-a6bf-4bf9-b71e-cbccf861839e/resourceGroups/myResourceGroup/providers/Microsoft.Network/networkInterfaces/myNIC"
            ],
            "os_disk": [
              {
                "caching": "ReadWrite",
                "diff_disk_settings": [],
                "disk_encryption_set_id": "",
                "disk_size_gb": 30,
                "name": "myOsDisk",
                "storage_account_type": "Premium_LRS",
                "write_accelerator_enabled": false
              }
            ],
            "patch_mode": "ImageDefault",
            "plan": [],
            "platform_fault_domain": -1,
            "priority": "Regular",
            "private_ip_address": "10.0.1.4",
            "private_ip_addresses": [
              "10.0.1.4"
            ],
            "provision_vm_agent": true,
            "proximity_placement_group_id": "",
            "public_ip_address": "20.124.104.46",
            "public_ip_addresses": [
              "20.124.104.46"
            ],
            "resource_group_name": "myResourceGroup",
            "secret": [],
            "secure_boot_enabled": false,
            "size": "Standard_DS1_v2",
            "source_image_id": "",
            "source_image_reference": [
              {
                "offer": "UbuntuServer",
                "publisher": "Canonical",
                "sku": "18.04-LTS",
                "version": "latest"
              }
            ],
            "tags": {
              "environment": "Terraform Demo"
            },
            "timeouts": null,
            "user_data": "",
            "virtual_machine_id": "b25d21f4-5e05-43f9-a4af-105c53ab81f6",
            "virtual_machine_scale_set_id": "",
            "vtpm_enabled": false,
            "zone": ""
          },
          "sensitive_attributes": [],
          "private": "eyJlMmJmYjczMC1lY2FhLTExZTYtOGY4OC0zNDM2M2JjN2M0YzAiOnsiY3JlYXRlIjoyNzAwMDAwMDAwMDAwLCJkZWxldGUiOjI3MDAwMDAwMDAwMDAsInJlYWQiOjMwMDAwMDAwMDAwMCwidXBkYXRlIjoyNzAwMDAwMDAwMDAwfX0=",
          "dependencies": [
            "azurerm_network_interface.myterraformnic",
            "azurerm_public_ip.myterraformpublicip",
            "azurerm_resource_group.myterraformgroup",
            "azurerm_storage_account.mystorageaccount",
            "azurerm_subnet.myterraformsubnet",
            "azurerm_virtual_network.myterraformnetwork",
            "random_id.randomId",
            "tls_private_key.example_ssh"
          ]
        }
      ]
    },
    {
      "mode": "managed",
      "type": "azurerm_network_interface",
      "name": "myterraformnic",
      "provider": "provider[\"registry.terraform.io/hashicorp/azurerm\"]",
      "instances": [
        {
          "schema_version": 0,
          "attributes": {
            "applied_dns_servers": [],
            "dns_servers": [],
            "enable_accelerated_networking": false,
            "enable_ip_forwarding": false,
            "id": "/subscriptions/9a37ba30-a6bf-4bf9-b71e-cbccf861839e/resourceGroups/myResourceGroup/providers/Microsoft.Network/networkInterfaces/myNIC",
            "internal_dns_name_label": "",
            "internal_domain_name_suffix": "oe0b1svqlfmepc25fbtyi4l24h.bx.internal.cloudapp.net",
            "ip_configuration": [
              {
                "gateway_load_balancer_frontend_ip_configuration_id": "",
                "name": "myNicConfiguration",
                "primary": true,
                "private_ip_address": "10.0.1.4",
                "private_ip_address_allocation": "Dynamic",
                "private_ip_address_version": "IPv4",
                "public_ip_address_id": "/subscriptions/9a37ba30-a6bf-4bf9-b71e-cbccf861839e/resourceGroups/myResourceGroup/providers/Microsoft.Network/publicIPAddresses/myPublicIP",
                "subnet_id": "/subscriptions/9a37ba30-a6bf-4bf9-b71e-cbccf861839e/resourceGroups/myResourceGroup/providers/Microsoft.Network/virtualNetworks/myVnet/subnets/mySubnet"
              }
            ],
            "location": "eastus",
            "mac_address": "",
            "name": "myNIC",
            "private_ip_address": "10.0.1.4",
            "private_ip_addresses": [
              "10.0.1.4"
            ],
            "resource_group_name": "myResourceGroup",
            "tags": {
              "environment": "Terraform Demo"
            },
            "timeouts": null,
            "virtual_machine_id": ""
          },
          "sensitive_attributes": [],
          "private": "eyJlMmJmYjczMC1lY2FhLTExZTYtOGY4OC0zNDM2M2JjN2M0YzAiOnsiY3JlYXRlIjoxODAwMDAwMDAwMDAwLCJkZWxldGUiOjE4MDAwMDAwMDAwMDAsInJlYWQiOjMwMDAwMDAwMDAwMCwidXBkYXRlIjoxODAwMDAwMDAwMDAwfX0=",
          "dependencies": [
            "azurerm_public_ip.myterraformpublicip",
            "azurerm_resource_group.myterraformgroup",
            "azurerm_subnet.myterraformsubnet",
            "azurerm_virtual_network.myterraformnetwork"
          ]
        }
      ]
    },
    {
      "mode": "managed",
      "type": "azurerm_network_interface_security_group_association",
      "name": "example",
      "provider": "provider[\"registry.terraform.io/hashicorp/azurerm\"]",
      "instances": [
        {
          "schema_version": 0,
          "attributes": {
            "id": "/subscriptions/9a37ba30-a6bf-4bf9-b71e-cbccf861839e/resourceGroups/myResourceGroup/providers/Microsoft.Network/networkInterfaces/myNIC|/subscriptions/9a37ba30-a6bf-4bf9-b71e-cbccf861839e/resourceGroups/myResourceGroup/providers/Microsoft.Network/networkSecurityGroups/myNetworkSecurityGroup",
            "network_interface_id": "/subscriptions/9a37ba30-a6bf-4bf9-b71e-cbccf861839e/resourceGroups/myResourceGroup/providers/Microsoft.Network/networkInterfaces/myNIC",
            "network_security_group_id": "/subscriptions/9a37ba30-a6bf-4bf9-b71e-cbccf861839e/resourceGroups/myResourceGroup/providers/Microsoft.Network/networkSecurityGroups/myNetworkSecurityGroup",
            "timeouts": null
          },
          "sensitive_attributes": [],
          "private": "eyJlMmJmYjczMC1lY2FhLTExZTYtOGY4OC0zNDM2M2JjN2M0YzAiOnsiY3JlYXRlIjoxODAwMDAwMDAwMDAwLCJkZWxldGUiOjE4MDAwMDAwMDAwMDAsInJlYWQiOjMwMDAwMDAwMDAwMCwidXBkYXRlIjoxODAwMDAwMDAwMDAwfX0=",
          "dependencies": [
            "azurerm_network_interface.myterraformnic",
            "azurerm_network_security_group.myterraformnsg",
            "azurerm_public_ip.myterraformpublicip",
            "azurerm_resource_group.myterraformgroup",
            "azurerm_subnet.myterraformsubnet",
            "azurerm_virtual_network.myterraformnetwork"
          ]
        }
      ]
    },
    {
      "mode": "managed",
      "type": "azurerm_network_security_group",
      "name": "myterraformnsg",
      "provider": "provider[\"registry.terraform.io/hashicorp/azurerm\"]",
      "instances": [
        {
          "schema_version": 0,
          "attributes": {
            "id": "/subscriptions/9a37ba30-a6bf-4bf9-b71e-cbccf861839e/resourceGroups/myResourceGroup/providers/Microsoft.Network/networkSecurityGroups/myNetworkSecurityGroup",
            "location": "eastus",
            "name": "myNetworkSecurityGroup",
            "resource_group_name": "myResourceGroup",
            "security_rule": [
              {
                "access": "Allow",
                "description": "",
                "destination_address_prefix": "*",
                "destination_address_prefixes": [],
                "destination_application_security_group_ids": [],
                "destination_port_range": "22",
                "destination_port_ranges": [],
                "direction": "Inbound",
                "name": "SSH",
                "priority": 1001,
                "protocol": "Tcp",
                "source_address_prefix": "*",
                "source_address_prefixes": [],
                "source_application_security_group_ids": [],
                "source_port_range": "*",
                "source_port_ranges": []
              }
            ],
            "tags": {
              "environment": "Terraform Demo"
            },
            "timeouts": null
          },
          "sensitive_attributes": [],
          "private": "eyJlMmJmYjczMC1lY2FhLTExZTYtOGY4OC0zNDM2M2JjN2M0YzAiOnsiY3JlYXRlIjoxODAwMDAwMDAwMDAwLCJkZWxldGUiOjE4MDAwMDAwMDAwMDAsInJlYWQiOjMwMDAwMDAwMDAwMCwidXBkYXRlIjoxODAwMDAwMDAwMDAwfX0=",
          "dependencies": [
            "azurerm_resource_group.myterraformgroup"
          ]
        }
      ]
    },
    {
      "mode": "managed",
      "type": "azurerm_public_ip",
      "name": "myterraformpublicip",
      "provider": "provider[\"registry.terraform.io/hashicorp/azurerm\"]",
      "instances": [
        {
          "schema_version": 0,
          "attributes": {
            "allocation_method": "Dynamic",
            "availability_zone": "No-Zone",
            "domain_name_label": null,
            "fqdn": null,
            "id": "/subscriptions/9a37ba30-a6bf-4bf9-b71e-cbccf861839e/resourceGroups/myResourceGroup/providers/Microsoft.Network/publicIPAddresses/myPublicIP",
            "idle_timeout_in_minutes": 4,
            "ip_address": "",
            "ip_tags": null,
            "ip_version": "IPv4",
            "location": "eastus",
            "name": "myPublicIP",
            "public_ip_prefix_id": null,
            "resource_group_name": "myResourceGroup",
            "reverse_fqdn": null,
            "sku": "Basic",
            "sku_tier": "Regional",
            "tags": {
              "environment": "Terraform Demo"
            },
            "timeouts": null,
            "zones": []
          },
          "sensitive_attributes": [],
          "private": "eyJlMmJmYjczMC1lY2FhLTExZTYtOGY4OC0zNDM2M2JjN2M0YzAiOnsiY3JlYXRlIjoxODAwMDAwMDAwMDAwLCJkZWxldGUiOjE4MDAwMDAwMDAwMDAsInJlYWQiOjMwMDAwMDAwMDAwMCwidXBkYXRlIjoxODAwMDAwMDAwMDAwfX0=",
          "dependencies": [
            "azurerm_resource_group.myterraformgroup"
          ]
        }
      ]
    },
    {
      "mode": "managed",
      "type": "azurerm_resource_group",
      "name": "myterraformgroup",
      "provider": "provider[\"registry.terraform.io/hashicorp/azurerm\"]",
      "instances": [
        {
          "schema_version": 0,
          "attributes": {
            "id": "/subscriptions/9a37ba30-a6bf-4bf9-b71e-cbccf861839e/resourceGroups/myResourceGroup",
            "location": "eastus",
            "name": "myResourceGroup",
            "tags": {
              "environment": "Terraform Demo"
            },
            "timeouts": null
          },
          "sensitive_attributes": [],
          "private": "eyJlMmJmYjczMC1lY2FhLTExZTYtOGY4OC0zNDM2M2JjN2M0YzAiOnsiY3JlYXRlIjo1NDAwMDAwMDAwMDAwLCJkZWxldGUiOjU0MDAwMDAwMDAwMDAsInJlYWQiOjMwMDAwMDAwMDAwMCwidXBkYXRlIjo1NDAwMDAwMDAwMDAwfX0="
        }
      ]
    },
    {
      "mode": "managed",
      "type": "azurerm_storage_account",
      "name": "mystorageaccount",
      "provider": "provider[\"registry.terraform.io/hashicorp/azurerm\"]",
      "instances": [
        {
          "schema_version": 2,
          "attributes": {
            "access_tier": "Hot",
            "account_kind": "StorageV2",
            "account_replication_type": "LRS",
            "account_tier": "Standard",
            "allow_blob_public_access": false,
            "azure_files_authentication": [],
            "blob_properties": [
              {
                "change_feed_enabled": false,
                "container_delete_retention_policy": [],
                "cors_rule": [],
                "default_service_version": "",
                "delete_retention_policy": [],
                "last_access_time_enabled": false,
                "versioning_enabled": false
              }
            ],
            "custom_domain": [],
            "enable_https_traffic_only": true,
            "id": "/subscriptions/9a37ba30-a6bf-4bf9-b71e-cbccf861839e/resourceGroups/myResourceGroup/providers/Microsoft.Storage/storageAccounts/diag49601473462383f9",
            "identity": [],
            "infrastructure_encryption_enabled": false,
            "is_hns_enabled": false,
            "large_file_share_enabled": null,
            "location": "eastus",
            "min_tls_version": "TLS1_0",
            "name": "diag49601473462383f9",
            "network_rules": [
              {
                "bypass": [
                  "AzureServices"
                ],
                "default_action": "Allow",
                "ip_rules": [],
                "private_link_access": [],
                "virtual_network_subnet_ids": []
              }
            ],
            "nfsv3_enabled": false,
            "primary_access_key": "Hbx1p7ZRh178hPsuIym5aiVGqAiYBoy70Otg/SnMUCw52W5qpcgA12LOmGrto7OZhgbyUgcYxTb/5H/v1X7vpA==",
            "primary_blob_connection_string": "DefaultEndpointsProtocol=https;BlobEndpoint=https://diag49601473462383f9.blob.core.windows.net/;AccountName=diag49601473462383f9;AccountKey=Hbx1p7ZRh178hPsuIym5aiVGqAiYBoy70Otg/SnMUCw52W5qpcgA12LOmGrto7OZhgbyUgcYxTb/5H/v1X7vpA==",
            "primary_blob_endpoint": "https://diag49601473462383f9.blob.core.windows.net/",
            "primary_blob_host": "diag49601473462383f9.blob.core.windows.net",
            "primary_connection_string": "DefaultEndpointsProtocol=https;AccountName=diag49601473462383f9;AccountKey=Hbx1p7ZRh178hPsuIym5aiVGqAiYBoy70Otg/SnMUCw52W5qpcgA12LOmGrto7OZhgbyUgcYxTb/5H/v1X7vpA==;EndpointSuffix=core.windows.net",
            "primary_dfs_endpoint": "https://diag49601473462383f9.dfs.core.windows.net/",
            "primary_dfs_host": "diag49601473462383f9.dfs.core.windows.net",
            "primary_file_endpoint": "https://diag49601473462383f9.file.core.windows.net/",
            "primary_file_host": "diag49601473462383f9.file.core.windows.net",
            "primary_location": "eastus",
            "primary_queue_endpoint": "https://diag49601473462383f9.queue.core.windows.net/",
            "primary_queue_host": "diag49601473462383f9.queue.core.windows.net",
            "primary_table_endpoint": "https://diag49601473462383f9.table.core.windows.net/",
            "primary_table_host": "diag49601473462383f9.table.core.windows.net",
            "primary_web_endpoint": "https://diag49601473462383f9.z13.web.core.windows.net/",
            "primary_web_host": "diag49601473462383f9.z13.web.core.windows.net",
            "queue_encryption_key_type": "Service",
            "queue_properties": [
              {
                "cors_rule": [],
                "hour_metrics": [
                  {
                    "enabled": true,
                    "include_apis": true,
                    "retention_policy_days": 7,
                    "version": "1.0"
                  }
                ],
                "logging": [
                  {
                    "delete": false,
                    "read": false,
                    "retention_policy_days": 0,
                    "version": "1.0",
                    "write": false
                  }
                ],
                "minute_metrics": [
                  {
                    "enabled": false,
                    "include_apis": false,
                    "retention_policy_days": 0,
                    "version": "1.0"
                  }
                ]
              }
            ],
            "resource_group_name": "myResourceGroup",
            "routing": [],
            "secondary_access_key": "LyiCFj89xVdIaus1O8KgX/rf+mwpskEo1F2XxKFfaOQuPkBOxlX7OljDavLVBHef30UXX039AKQ0YQOrY+2eFQ==",
            "secondary_blob_connection_string": "",
            "secondary_blob_endpoint": null,
            "secondary_blob_host": null,
            "secondary_connection_string": "DefaultEndpointsProtocol=https;AccountName=diag49601473462383f9;AccountKey=LyiCFj89xVdIaus1O8KgX/rf+mwpskEo1F2XxKFfaOQuPkBOxlX7OljDavLVBHef30UXX039AKQ0YQOrY+2eFQ==;EndpointSuffix=core.windows.net",
            "secondary_dfs_endpoint": null,
            "secondary_dfs_host": null,
            "secondary_file_endpoint": null,
            "secondary_file_host": null,
            "secondary_location": "",
            "secondary_queue_endpoint": null,
            "secondary_queue_host": null,
            "secondary_table_endpoint": null,
            "secondary_table_host": null,
            "secondary_web_endpoint": null,
            "secondary_web_host": null,
            "share_properties": [
              {
                "cors_rule": [],
                "retention_policy": [
                  {
                    "days": 7
                  }
                ],
                "smb": []
              }
            ],
            "shared_access_key_enabled": true,
            "static_website": [],
            "table_encryption_key_type": "Service",
            "tags": {
              "environment": "Terraform Demo"
            },
            "timeouts": null
          },
          "sensitive_attributes": [],
          "private": "eyJlMmJmYjczMC1lY2FhLTExZTYtOGY4OC0zNDM2M2JjN2M0YzAiOnsiY3JlYXRlIjozNjAwMDAwMDAwMDAwLCJkZWxldGUiOjM2MDAwMDAwMDAwMDAsInJlYWQiOjMwMDAwMDAwMDAwMCwidXBkYXRlIjozNjAwMDAwMDAwMDAwfSwic2NoZW1hX3ZlcnNpb24iOiIyIn0=",
          "dependencies": [
            "azurerm_resource_group.myterraformgroup",
            "random_id.randomId"
          ]
        }
      ]
    },
    {
      "mode": "managed",
      "type": "azurerm_subnet",
      "name": "myterraformsubnet",
      "provider": "provider[\"registry.terraform.io/hashicorp/azurerm\"]",
      "instances": [
        {
          "schema_version": 0,
          "attributes": {
            "address_prefix": "10.0.1.0/24",
            "address_prefixes": [
              "10.0.1.0/24"
            ],
            "delegation": [],
            "enforce_private_link_endpoint_network_policies": false,
            "enforce_private_link_service_network_policies": false,
            "id": "/subscriptions/9a37ba30-a6bf-4bf9-b71e-cbccf861839e/resourceGroups/myResourceGroup/providers/Microsoft.Network/virtualNetworks/myVnet/subnets/mySubnet",
            "name": "mySubnet",
            "resource_group_name": "myResourceGroup",
            "service_endpoint_policy_ids": null,
            "service_endpoints": null,
            "timeouts": null,
            "virtual_network_name": "myVnet"
          },
          "sensitive_attributes": [],
          "private": "eyJlMmJmYjczMC1lY2FhLTExZTYtOGY4OC0zNDM2M2JjN2M0YzAiOnsiY3JlYXRlIjoxODAwMDAwMDAwMDAwLCJkZWxldGUiOjE4MDAwMDAwMDAwMDAsInJlYWQiOjMwMDAwMDAwMDAwMCwidXBkYXRlIjoxODAwMDAwMDAwMDAwfX0=",
          "dependencies": [
            "azurerm_resource_group.myterraformgroup",
            "azurerm_virtual_network.myterraformnetwork"
          ]
        }
      ]
    },
    {
      "mode": "managed",
      "type": "azurerm_virtual_network",
      "name": "myterraformnetwork",
      "provider": "provider[\"registry.terraform.io/hashicorp/azurerm\"]",
      "instances": [
        {
          "schema_version": 0,
          "attributes": {
            "address_space": [
              "10.0.0.0/16"
            ],
            "bgp_community": "",
            "ddos_protection_plan": [],
            "dns_servers": [],
            "flow_timeout_in_minutes": 0,
            "guid": "ca1d3471-59b0-4758-8b9f-286784797cf7",
            "id": "/subscriptions/9a37ba30-a6bf-4bf9-b71e-cbccf861839e/resourceGroups/myResourceGroup/providers/Microsoft.Network/virtualNetworks/myVnet",
            "location": "eastus",
            "name": "myVnet",
            "resource_group_name": "myResourceGroup",
            "subnet": [],
            "tags": {
              "environment": "Terraform Demo"
            },
            "timeouts": null,
            "vm_protection_enabled": false
          },
          "sensitive_attributes": [],
          "private": "eyJlMmJmYjczMC1lY2FhLTExZTYtOGY4OC0zNDM2M2JjN2M0YzAiOnsiY3JlYXRlIjoxODAwMDAwMDAwMDAwLCJkZWxldGUiOjE4MDAwMDAwMDAwMDAsInJlYWQiOjMwMDAwMDAwMDAwMCwidXBkYXRlIjoxODAwMDAwMDAwMDAwfX0=",
          "dependencies": [
            "azurerm_resource_group.myterraformgroup"
          ]
        }
      ]
    },
    {
      "mode": "managed",
      "type": "random_id",
      "name": "randomId",
      "provider": "provider[\"registry.terraform.io/hashicorp/random\"]",
      "instances": [
        {
          "schema_version": 0,
          "attributes": {
            "b64_std": "SWAUc0Yjg/k=",
            "b64_url": "SWAUc0Yjg_k",
            "byte_length": 8,
            "dec": "5287248447863489529",
            "hex": "49601473462383f9",
            "id": "SWAUc0Yjg_k",
            "keepers": {
              "resource_group": "myResourceGroup"
            },
            "prefix": null
          },
          "sensitive_attributes": [],
          "private": "bnVsbA==",
          "dependencies": [
            "azurerm_resource_group.myterraformgroup"
          ]
        }
      ]
    },
    {
      "mode": "managed",
      "type": "tls_private_key",
      "name": "example_ssh",
      "provider": "provider[\"registry.terraform.io/hashicorp/tls\"]",
      "instances": [
        {
          "schema_version": 0,
          "attributes": {
            "algorithm": "RSA",
            "ecdsa_curve": "P224",
            "id": "c514a7431e5a1274982d3fe50a9c89563c10dc0d",
            "private_key_pem": "-----BEGIN RSA PRIVATE KEY-----\nMIIJKwIBAAKCAgEAvVo/c4SX3EPKrdsKaDvQdquCOeAFeX9debPZnLgw/m4Wb77f\nap0U9BbfOScAcf/YrYsUr9WTnwyOn6zw+rQPN3ez3fbIOAfqLoDv2r2XYtpk8VsG\njWt1Ofl6/xCmvYZv54DYZ8654Mf/3x/Q5FblwBngPlXcBeSP5EnSi5K2Ny9BifEt\nUJXBSmpAeawfHDtWJjcdnl7ILJvZ4L2t4gVXThF4akrSxSVzr/+1/qvXTUePuoZh\nA1EXwWCCs3gM9fvD7438WyYyZyoE5WdZUd6lGoDBgO/cBXcR/wDb9tJbibSa15Kj\n2JVkAg+84CVDyuWR6DGyIFzqnyOxRpwkzTUMg+b+mbsslddfkEmc+Y1hEU+9RFrF\n7eHRiwjf8xmpgYI+Fkh9b5Rb9WzrxjVkd/DZtKWiMnTQbDhKQSDK15hXQsfQJQ+G\nAV8DEFVB+i1u7G9m6GmjFE2z2kOr6jgOU34tE3wqefm1r2QJBR7HBFtLQlKFVtf+\nz/aCvgfjcc6EzYK/Ay3jb0Lyjs+rd8KMbJBOB5fhmNIWAVcLKsLqeprZJjpoo7qd\n/QVGSdMkGmM1nKToHpu7URngvnQBTY5KpEfp7HMnex9re8J80351C31QX34y5koi\nyGhO7N5UjcOmjad9HRLmV1f30QSkMmnUwHRs6nZcrCpIPZ/fVyCz0AgF9tkCAwEA\nAQKCAgEAj/lZ+5Ta/yEQr+a34A9y73hzGVxr7TjZs1r74Lzwi9Ta/HaOW/s6Xmox\nqrwsC4I0l6gDv7rOdwXOQDz4MjfMxikfO2uUS35BIsDpH1I/FGvoitfigI8vYDiA\nvAZGMh9RYR5H7Y5zKSYJOPdxFt237bv/FIamOFjUzAkRrQyNviIRXDhkczya7uEh\nSyKDuSyo0X/g5nU9ESYjoU24M/5JptOD0pY38q0KbM0q7YxttZXvBC1/AE2dmWyv\nlJR4jmSzU6eLNScy9dwuQtu1P5nhwegaudYnXoRty440slS6Q1du0PDv4hOdKjAb\nNfc/t7ucmIeI4DCmOQCjn4PEO7/VVfrxJt43VPKgs4fKU1XAwAQmGUZxQmM3DR3c\n9HXEEQ24CPsPWDWQWxkgI9IFlqBNVoAFRSAXOvFwM7XDKvsNobXvevaq/5VOOmtG\nT9XfqKhasMCuwwKf3EoIQvs2AaofRXHbyU6KlLLPaBLnD3P4iE0AUdvBNkF9WUpU\nSPp/HBW1Og8EdgC53bip+XgWkECIK9l5XU1yPIyYNtu7qqwTfDnizmkTZgFDrKqw\nkqFV++KJ5cL0/ViVT33/Zj3ujuFf06LThKRabvhhwUsbODWuXFyKyqyzzNn3LaVl\nm4N4+Kd6Iescnwf6Jn1Us+6VNUGP1/Obj/0LJK0HFHNxxBAURb0CggEBANs40IFJ\nZIOpAt8mhgfXN3ARl6jQcdkIjD9V1374v82hj7lO7lcDPEb87t+qAiy0GRvtA8ym\nHoyIrPDdGXEVvbJgfmDt/opfqbfwlPOGB4M8kaw94wMgZIiU5uWt7uajcBsRWx0X\n5UY0vSEVyBivl2G9oD0PnbeMrKEy7AVvyaDdX0A+iElzL+TU66UYa5UV4inPymph\noQCC8vqcPwOKevGSeqZeL8w5FGh1CfE6JCLrceLk3jCMStVPil3TXAK3szIyZqID\n2i6e3OcFdzS3UVL4KK7DVQV89fNuFWWN/oWeFAYNSPEedVrHvshIJN2nxnj0m5dL\nJWNGK6A1cT86OVMCggEBAN0emLzfssyPpXYazh+wloX8rvp+6j5mzEhDMfQGybNK\naVpXmjUrjVgza4wIiMupvdk5nMuEzZPcjezKAjOk5KLDmJ157jUqSfSqMGXSRt3G\nGmjrQO6/DQWIWSoqnEpj4sykfHKNCQwW4KF5165C+ZH/ac+/AKqxmnuq5pcHPnmU\nvtd5R+E2wch/EU5YY4VHVy/pVyRkX0aD1/ssTwWZvrZNqL+Tf8oCVU1vg24hmrBo\ny0uT12U1e7Rb9PvtWaUshrjKbA6Q12hpV3O+c5mlqtfztdjS1UT40LVCfwpj7xH+\nI9sPFH3ZHTynuw87M7ErpM6U+PcB37WcNXNHeuREzaMCggEBAIZRoleE+4Q8GxlV\nRkwpjrso3E7AIPGE7kGkPBx9FzBMLH6zIQ/JWLZ6JXZ/eUOgub3FlE1g/1jGKYiP\nQBZs5sUToHuNdyebg6bDTtCDL7k2dF8fsCdrQo35Bhx2XOmN/JNpJ/WEfaNtjvBl\noyuU8uEdScAAAHfFRsSiKcEPBHB/EuyPI/w1CoRf/V4zvz8ioGdT/Mb/uKFSmsP4\n1hc6UygOwv2KuiicVKfIBmZ6ZEfNEQOfjZAbdYKLcNEaPscffTllbkMYrydfiSQ3\n0hlHtRlsGaky37Y0IZKcwZluziNafxRSMX4jVm5f8sJOieAR+2aDIY4qqebQyMwp\n0pCWAScCggEBANoaauep8s/pRHipWfVSFjbVFbcJZn3koc0JUoV0CJGrbR1qWTXm\n3oVIOuWmKWBR7mwMcscgGDKnkuokG2XbWJXfPnLeKQMR0l7dW92jOrlXxQcGPUcA\n9ZQmeGSqIP0TZ0sZV5MZ3/mnuywrZX2CnG7QswrySHMVud4PpWEFCS+dc1xQSYEw\npJXiGCzh7FAzHSGqFIVV59BDDc+3Vb6ddsqU8UT99UdJY+B8hPQle1JUG2pRyl0P\nExTEu3GfHRRaRgyRxWHcpkxb06HcEmRUT56wygazdx+QGTUhAPQ7vD1QIwfY6Qp1\nFGyWuWD9sTApb2dA9A2YMJQPH3203Ne5secCggEBANE58qkHedMvkX4vKYktD9hp\nJm66G2wWdKjnJVnNry1RIRsOGujYb7uaV4Fu2QCwLxGdBN+LgHHSK0DL2SSE5UiK\nOj8qFZZXCfl1TzllpHTy5/ZinLiIz7Yl5XHD0k/ykF5glxMeRFIHuAWc+58Ihx32\nIeZh2o0Z5zVMvk7zPyNNYluxOF2HISGsgdm7+WOuXwmalyhlLMRcl9K8s7OfBlWN\nEglvHKIGC4PwRVo2hiun6Cdd8suUle7bk9KGvlQKGEts+u3O8eeXsFTT3CYCtxz8\nm9s9EKZ0PMr50QPMnuulvMnXrNSpAs7/FHBbzWZYqoUQD5ywrBoyMB/ZT16Mm5M=\n-----END RSA PRIVATE KEY-----\n",
            "public_key_fingerprint_md5": "4e:7a:50:eb:c5:a9:9e:19:6e:cc:d2:e3:c8:c9:87:54",
            "public_key_openssh": "ssh-rsa AAAAB3NzaC1yc2EAAAADAQABAAACAQC9Wj9zhJfcQ8qt2wpoO9B2q4I54AV5f115s9mcuDD+bhZvvt9qnRT0Ft85JwBx/9itixSv1ZOfDI6frPD6tA83d7Pd9sg4B+ougO/avZdi2mTxWwaNa3U5+Xr/EKa9hm/ngNhnzrngx//fH9DkVuXAGeA+VdwF5I/kSdKLkrY3L0GJ8S1QlcFKakB5rB8cO1YmNx2eXsgsm9ngva3iBVdOEXhqStLFJXOv/7X+q9dNR4+6hmEDURfBYIKzeAz1+8PvjfxbJjJnKgTlZ1lR3qUagMGA79wFdxH/ANv20luJtJrXkqPYlWQCD7zgJUPK5ZHoMbIgXOqfI7FGnCTNNQyD5v6ZuyyV11+QSZz5jWERT71EWsXt4dGLCN/zGamBgj4WSH1vlFv1bOvGNWR38Nm0paIydNBsOEpBIMrXmFdCx9AlD4YBXwMQVUH6LW7sb2boaaMUTbPaQ6vqOA5Tfi0TfCp5+bWvZAkFHscEW0tCUoVW1/7P9oK+B+NxzoTNgr8DLeNvQvKOz6t3woxskE4Hl+GY0hYBVwsqwup6mtkmOmijup39BUZJ0yQaYzWcpOgem7tRGeC+dAFNjkqkR+nscyd7H2t7wnzTfnULfVBffjLmSiLIaE7s3lSNw6aNp30dEuZXV/fRBKQyadTAdGzqdlysKkg9n99XILPQCAX22Q==\n",
            "public_key_pem": "-----BEGIN PUBLIC KEY-----\nMIICIjANBgkqhkiG9w0BAQEFAAOCAg8AMIICCgKCAgEAvVo/c4SX3EPKrdsKaDvQ\ndquCOeAFeX9debPZnLgw/m4Wb77fap0U9BbfOScAcf/YrYsUr9WTnwyOn6zw+rQP\nN3ez3fbIOAfqLoDv2r2XYtpk8VsGjWt1Ofl6/xCmvYZv54DYZ8654Mf/3x/Q5Fbl\nwBngPlXcBeSP5EnSi5K2Ny9BifEtUJXBSmpAeawfHDtWJjcdnl7ILJvZ4L2t4gVX\nThF4akrSxSVzr/+1/qvXTUePuoZhA1EXwWCCs3gM9fvD7438WyYyZyoE5WdZUd6l\nGoDBgO/cBXcR/wDb9tJbibSa15Kj2JVkAg+84CVDyuWR6DGyIFzqnyOxRpwkzTUM\ng+b+mbsslddfkEmc+Y1hEU+9RFrF7eHRiwjf8xmpgYI+Fkh9b5Rb9WzrxjVkd/DZ\ntKWiMnTQbDhKQSDK15hXQsfQJQ+GAV8DEFVB+i1u7G9m6GmjFE2z2kOr6jgOU34t\nE3wqefm1r2QJBR7HBFtLQlKFVtf+z/aCvgfjcc6EzYK/Ay3jb0Lyjs+rd8KMbJBO\nB5fhmNIWAVcLKsLqeprZJjpoo7qd/QVGSdMkGmM1nKToHpu7URngvnQBTY5KpEfp\n7HMnex9re8J80351C31QX34y5koiyGhO7N5UjcOmjad9HRLmV1f30QSkMmnUwHRs\n6nZcrCpIPZ/fVyCz0AgF9tkCAwEAAQ==\n-----END PUBLIC KEY-----\n",
            "rsa_bits": 4096
          },
          "sensitive_attributes": [],
          "private": "bnVsbA=="
        }
      ]
    }
  ]
}
